
Microsoft Visual Studio Solution File, Format Version 12.00
Project("{FAE04EC0-301F-11D3-BF4B-00C04F79EFBC}") = "WebBase", "WebBase\WebBase.csproj", "{3443B1DB-DD29-498E-AA2C-E30D41CF41DF}"
EndProject
Project("{FAE04EC0-301F-11D3-BF4B-00C04F79EFBC}") = "Common", "Common\Common.csproj", "{1B8F76AC-4FCF-4D81-B54B-14D755C3DF7D}"
EndProject
Global
	GlobalSection(SolutionConfigurationPlatforms) = preSolution
		Debug|Any CPU = Debug|Any CPU
		Release|Any CPU = Release|Any CPU
	EndGlobalSection
	GlobalSection(ProjectConfigurationPlatforms) = postSolution
		{3443B1DB-DD29-498E-AA2C-E30D41CF41DF}.Debug|Any CPU.ActiveCfg = Debug|Any CPU
		{3443B1DB-DD29-498E-AA2C-E30D41CF41DF}.Debug|Any CPU.Build.0 = Debug|Any CPU
		{3443B1DB-DD29-498E-AA2C-E30D41CF41DF}.Release|Any CPU.ActiveCfg = Release|Any CPU
		{3443B1DB-DD29-498E-AA2C-E30D41CF41DF}.Release|Any CPU.Build.0 = Release|Any CPU
		{1B8F76AC-4FCF-4D81-B54B-14D755C3DF7D}.Debug|Any CPU.ActiveCfg = Debug|Any CPU
		{1B8F76AC-4FCF-4D81-B54B-14D755C3DF7D}.Debug|Any CPU.Build.0 = Debug|Any CPU
		{1B8F76AC-4FCF-4D81-B54B-14D755C3DF7D}.Release|Any CPU.ActiveCfg = Release|Any CPU
		{1B8F76AC-4FCF-4D81-B54B-14D755C3DF7D}.Release|Any CPU.Build.0 = Release|Any CPU
	EndGlobalSection
EndGlobal
